
Microsoft Visual Studio Solution File, Format Version 12.00
# Visual Studio Version 17
VisualStudioVersion = 17.9.34622.214
MinimumVisualStudioVersion = 10.0.40219.1
Project("{FAE04EC0-301F-11D3-BF4B-00C04F79EFBC}") = "kamran-website", "kamran-website.csproj", "{8B1F742B-9657-450C-8337-89A78D2C9236}"
EndProject
Global
	GlobalSection(SolutionConfigurationPlatforms) = preSolution
		Debug|Any CPU = Debug|Any CPU
		Release|Any CPU = Release|Any CPU
	EndGlobalSection
	GlobalSection(ProjectConfigurationPlatforms) = postSolution
		{8B1F742B-9657-450C-8337-89A78D2C9236}.Debug|Any CPU.ActiveCfg = Debug|Any CPU
		{8B1F742B-9657-450C-8337-89A78D2C9236}.Debug|Any CPU.Build.0 = Debug|Any CPU
		{8B1F742B-9657-450C-8337-89A78D2C9236}.Release|Any CPU.ActiveCfg = Release|Any CPU
		{8B1F742B-9657-450C-8337-89A78D2C9236}.Release|Any CPU.Build.0 = Release|Any CPU
	EndGlobalSection
	GlobalSection(SolutionProperties) = preSolution
		HideSolutionNode = FALSE
	EndGlobalSection
	GlobalSection(ExtensibilityGlobals) = postSolution
		SolutionGuid = {C22D66F0-DF8C-4B72-8892-6C7B6A6EF481}
	EndGlobalSection
EndGlobal
